schema: '2.0'
stages:
  train:
    cmd: python training/src/main.py serving/app/data/ 
      serving/app/requirements.txt
    deps:
    - path: training/
      hash: md5
      md5: 3aa2b9f74f606b853aea08335c030a8b.dir
      size: 4158
      nfiles: 2
    outs:
    - path: serving/app/data/metrics.json
      hash: md5
      md5: 04c6323bb9ddaa419967d359e74a7e7a
      size: 150
    - path: serving/app/data/model.joblib.gz
      hash: md5
      md5: 023e9777a8268e00c2d9d28c84acdb0f
      size: 128491764
