schema: '2.0'
stages:
  train:
    cmd: python training/src/main.py serving/app/data/ 
      serving/app/requirements.txt
    deps:
    - path: training/
      hash: md5
      md5: 616f643c531702a7f51a57bcc6227327.dir
      size: 4163
      nfiles: 2
    outs:
    - path: serving/app/data/metrics.json
      hash: md5
      md5: 04c6323bb9ddaa419967d359e74a7e7a
      size: 150
    - path: serving/app/data/model.joblib.gz
      hash: md5
      md5: 4632142312b448927a9bbe3069eacc21
      size: 128491208
